
Microsoft Visual Studio Solution File, Format Version 12.00
# Visual Studio Version 16
VisualStudioVersion = 16.0.29613.14
MinimumVisualStudioVersion = 10.0.40219.1
Project("{FAE04EC0-301F-11D3-BF4B-00C04F79EFBC}") = "SW.ProcessoSeletivo", "SW.ProcessoSeletivo.csproj", "{9AAF6A3D-9505-4D91-A8B2-718BEE991096}"
EndProject
Global
	GlobalSection(SolutionConfigurationPlatforms) = preSolution
		Debug|Any CPU = Debug|Any CPU
		Release|Any CPU = Release|Any CPU
	EndGlobalSection
	GlobalSection(ProjectConfigurationPlatforms) = postSolution
		{9AAF6A3D-9505-4D91-A8B2-718BEE991096}.Debug|Any CPU.ActiveCfg = Debug|Any CPU
		{9AAF6A3D-9505-4D91-A8B2-718BEE991096}.Debug|Any CPU.Build.0 = Debug|Any CPU
		{9AAF6A3D-9505-4D91-A8B2-718BEE991096}.Release|Any CPU.ActiveCfg = Release|Any CPU
		{9AAF6A3D-9505-4D91-A8B2-718BEE991096}.Release|Any CPU.Build.0 = Release|Any CPU
	EndGlobalSection
	GlobalSection(SolutionProperties) = preSolution
		HideSolutionNode = FALSE
	EndGlobalSection
	GlobalSection(ExtensibilityGlobals) = postSolution
		SolutionGuid = {B22E5201-55E1-4502-8892-DB6D7C1F19B5}
	EndGlobalSection
EndGlobal
